# THIS IS AN AUTOGENERATED FILE. DO NOT EDIT THIS FILE DIRECTLY.
# yarn lockfile v1


"@radix-ui/react-compose-refs@1.1.0":
  version "1.1.0"
  resolved "https://registry.yarnpkg.com/@radix-ui/react-compose-refs/-/react-compose-refs-1.1.0.tgz#656432461fc8283d7b591dcf0d79152fae9ecc74"
  integrity sha512-b4inOtiaOnYf9KWyO3jAeeCG6FeyfY6ldiEPanbUjWd+xIk5wZeHa8yVwmrJ2vderhu/BQvzCrJI0lHd+wIiqw==

"@radix-ui/react-primitive@2.0.0":
  version "2.0.0"
  resolved "https://registry.yarnpkg.com/@radix-ui/react-primitive/-/react-primitive-2.0.0.tgz#fe05715faa9203a223ccc0be15dc44b9f9822884"
  integrity sha512-ZSpFm0/uHa8zTvKBDjLFWLo8dkr4MBsiDLz0g3gMUwqgLHz9rTaRRGYDgvZPtBJgYCBKXkS9fzmoySgr8CO6Cw==
  dependencies:
    "@radix-ui/react-slot" "1.1.0"

"@radix-ui/react-separator@^1.1.0":
  version "1.1.0"
  resolved "https://registry.yarnpkg.com/@radix-ui/react-separator/-/react-separator-1.1.0.tgz#ee0f4d86003b0e3ea7bc6ccab01ea0adee32663e"
  integrity sha512-3uBAs+egzvJBDZAzvb/n4NxxOYpnspmWxO2u5NbZ8Y6FM/NdrGSF9bop3Cf6F6C71z1rTSn8KV0Fo2ZVd79lGA==
  dependencies:
    "@radix-ui/react-primitive" "2.0.0"

"@radix-ui/react-slot@1.1.0":
  version "1.1.0"
  resolved "https://registry.yarnpkg.com/@radix-ui/react-slot/-/react-slot-1.1.0.tgz#7c5e48c36ef5496d97b08f1357bb26ed7c714b84"
  integrity sha512-FUCf5XMfmW4dtYl69pdS4DbxKy8nj4M7SafBgPllysxmdachynNflAdp/gCsnYWNDnge6tI9onzMp5ARYc1KNw==
  dependencies:
    "@radix-ui/react-compose-refs" "1.1.0"
